// !$*UTF8*$!
{
	archiveVersion = 1;
	classes = {
	};
	objectVersion = 46;
	objects = {

/* Begin PBXBuildFile section */
		5298E8261E825F5D008AB33B /* AppDelegate.swift in Sources */ = {isa = PBXBuildFile; fileRef = 5298E8251E825F5D008AB33B /* AppDelegate.swift */; };
		5298E8281E825F5D008AB33B /* ViewController.swift in Sources */ = {isa = PBXBuildFile; fileRef = 5298E8271E825F5D008AB33B /* ViewController.swift */; };
		5298E82B1E825F5D008AB33B /* Main.storyboard in Resources */ = {isa = PBXBuildFile; fileRef = 5298E8291E825F5D008AB33B /* Main.storyboard */; };
		5298E82D1E825F5D008AB33B /* Assets.xcassets in Resources */ = {isa = PBXBuildFile; fileRef = 5298E82C1E825F5D008AB33B /* Assets.xcassets */; };
		5298E8301E825F5D008AB33B /* LaunchScreen.storyboard in Resources */ = {isa = PBXBuildFile; fileRef = 5298E82E1E825F5D008AB33B /* LaunchScreen.storyboard */; };
		5298E83B1E825F5D008AB33B /* SampleTests.swift in Sources */ = {isa = PBXBuildFile; fileRef = 5298E83A1E825F5D008AB33B /* SampleTests.swift */; };
		5298E8461E825F5E008AB33B /* SampleUITests.swift in Sources */ = {isa = PBXBuildFile; fileRef = 5298E8451E825F5E008AB33B /* SampleUITests.swift */; };
/* End PBXBuildFile section */

/* Begin PBXContainerItemProxy section */
		5298E8371E825F5D008AB33B /* PBXContainerItemProxy */ = {
			isa = PBXContainerItemProxy;
			containerPortal = 5298E81A1E825F5D008AB33B /* Project object */;
			proxyType = 1;
			remoteGlobalIDString = 5298E8211E825F5D008AB33B;
			remoteInfo = Sample;
		};
		5298E8421E825F5E008AB33B /* PBXContainerItemProxy */ = {
			isa = PBXContainerItemProxy;
			containerPortal = 5298E81A1E825F5D008AB33B /* Project object */;
			proxyType = 1;
			remoteGlobalIDString = 5298E8211E825F5D008AB33B;
			remoteInfo = Sample;
		};
/* End PBXContainerItemProxy section */

/* Begin PBXFileReference section */
		5298E8221E825F5D008AB33B /* Sample.app */ = {isa = PBXFileReference; explicitFileType = wrapper.application; includeInIndex = 0; path = Sample.app; sourceTree = BUILT_PRODUCTS_DIR; };
		5298E8251E825F5D008AB33B /* AppDelegate.swift */ = {isa = PBXFileReference; lastKnownFileType = sourcecode.swift; path = AppDelegate.swift; sourceTree = "<group>"; };
		5298E8271E825F5D008AB33B /* ViewController.swift */ = {isa = PBXFileReference; lastKnownFileType = sourcecode.swift; path = ViewController.swift; sourceTree = "<group>"; };
		5298E82A1E825F5D008AB33B /* Base */ = {isa = PBXFileReference; lastKnownFileType = file.storyboard; name = Base; path = Base.lproj/Main.storyboard; sourceTree = "<group>"; };
		5298E82C1E825F5D008AB33B /* Assets.xcassets */ = {isa = PBXFileReference; lastKnownFileType = folder.assetcatalog; path = Assets.xcassets; sourceTree = "<group>"; };
		5298E82F1E825F5D008AB33B /* Base */ = {isa = PBXFileReference; lastKnownFileType = file.storyboard; name = Base; path = Base.lproj/LaunchScreen.storyboard; sourceTree = "<group>"; };
		5298E8311E825F5D008AB33B /* Info.plist */ = {isa = PBXFileReference; lastKnownFileType = text.plist.xml; path = Info.plist; sourceTree = "<group>"; };
		5298E8361E825F5D008AB33B /* SampleTests.xctest */ = {isa = PBXFileReference; explicitFileType = wrapper.cfbundle; includeInIndex = 0; path = SampleTests.xctest; sourceTree = BUILT_PRODUCTS_DIR; };
		5298E83A1E825F5D008AB33B /* SampleTests.swift */ = {isa = PBXFileReference; lastKnownFileType = sourcecode.swift; path = SampleTests.swift; sourceTree = "<group>"; };
		5298E83C1E825F5D008AB33B /* Info.plist */ = {isa = PBXFileReference; lastKnownFileType = text.plist.xml; path = Info.plist; sourceTree = "<group>"; };
		5298E8411E825F5E008AB33B /* SampleUITests.xctest */ = {isa = PBXFileReference; explicitFileType = wrapper.cfbundle; includeInIndex = 0; path = SampleUITests.xctest; sourceTree = BUILT_PRODUCTS_DIR; };
		5298E8451E825F5E008AB33B /* SampleUITests.swift */ = {isa = PBXFileReference; lastKnownFileType = sourcecode.swift; path = SampleUITests.swift; sourceTree = "<group>"; };
		5298E8471E825F5E008AB33B /* Info.plist */ = {isa = PBXFileReference; lastKnownFileType = text.plist.xml; path = Info.plist; sourceTree = "<group>"; };
/* End PBXFileReference section */

/* Begin PBXFrameworksBuildPhase section */
		5298E81F1E825F5D008AB33B /* Frameworks */ = {
			isa = PBXFrameworksBuildPhase;
			buildActionMask = 2147483647;
			files = (
			);
			runOnlyForDeploymentPostprocessing = 0;
		};
		5298E8331E825F5D008AB33B /* Frameworks */ = {
			isa = PBXFrameworksBuildPhase;
			buildActionMask = 2147483647;
			files = (
			);
			runOnlyForDeploymentPostprocessing = 0;
		};
		5298E83E1E825F5E008AB33B /* Frameworks */ = {
			isa = PBXFrameworksBuildPhase;
			buildActionMask = 2147483647;
			files = (
			);
			runOnlyForDeploymentPostprocessing = 0;
		};
/* End PBXFrameworksBuildPhase section */

/* Begin PBXGroup section */
		5298E8191E825F5D008AB33B = {
			isa = PBXGroup;
			children = (
				5298E8241E825F5D008AB33B /* Sample */,
				5298E8391E825F5D008AB33B /* SampleTests */,
				5298E8441E825F5E008AB33B /* SampleUITests */,
				5298E8231E825F5D008AB33B /* Products */,
			);
			sourceTree = "<group>";
		};
		5298E8231E825F5D008AB33B /* Products */ = {
			isa = PBXGroup;
			children = (
				5298E8221E825F5D008AB33B /* Sample.app */,
				5298E8361E825F5D008AB33B /* SampleTests.xctest */,
				5298E8411E825F5E008AB33B /* SampleUITests.xctest */,
			);
			name = Products;
			sourceTree = "<group>";
		};
		5298E8241E825F5D008AB33B /* Sample */ = {
			isa = PBXGroup;
			children = (
				5298E8251E825F5D008AB33B /* AppDelegate.swift */,
				5298E8271E825F5D008AB33B /* ViewController.swift */,
				5298E8291E825F5D008AB33B /* Main.storyboard */,
				5298E82C1E825F5D008AB33B /* Assets.xcassets */,
				5298E82E1E825F5D008AB33B /* LaunchScreen.storyboard */,
				5298E8311E825F5D008AB33B /* Info.plist */,
			);
			path = Sample;
			sourceTree = "<group>";
		};
		5298E8391E825F5D008AB33B /* SampleTests */ = {
			isa = PBXGroup;
			children = (
				5298E83A1E825F5D008AB33B /* SampleTests.swift */,
				5298E83C1E825F5D008AB33B /* Info.plist */,
			);
			path = SampleTests;
			sourceTree = "<group>";
		};
		5298E8441E825F5E008AB33B /* SampleUITests */ = {
			isa = PBXGroup;
			children = (
				5298E8451E825F5E008AB33B /* SampleUITests.swift */,
				5298E8471E825F5E008AB33B /* Info.plist */,
			);
			path = SampleUITests;
			sourceTree = "<group>";
		};
/* End PBXGroup section */

/* Begin PBXNativeTarget section */
		5298E8211E825F5D008AB33B /* Sample */ = {
			isa = PBXNativeTarget;
			buildConfigurationList = 5298E84A1E825F5E008AB33B /* Build configuration list for PBXNativeTarget "Sample" */;
			buildPhases = (
				5298E81E1E825F5D008AB33B /* Sources */,
				5298E81F1E825F5D008AB33B /* Frameworks */,
				5298E8201E825F5D008AB33B /* Resources */,
			);
			buildRules = (
			);
			dependencies = (
			);
			name = Sample;
			productName = Sample;
			productReference = 5298E8221E825F5D008AB33B /* Sample.app */;
			productType = "com.apple.product-type.application";
		};
		5298E8351E825F5D008AB33B /* SampleTests */ = {
			isa = PBXNativeTarget;
			buildConfigurationList = 5298E84D1E825F5E008AB33B /* Build configuration list for PBXNativeTarget "SampleTests" */;
			buildPhases = (
				5298E8321E825F5D008AB33B /* Sources */,
				5298E8331E825F5D008AB33B /* Frameworks */,
				5298E8341E825F5D008AB33B /* Resources */,
			);
			buildRules = (
			);
			dependencies = (
				5298E8381E825F5D008AB33B /* PBXTargetDependency */,
			);
			name = SampleTests;
			productName = SampleTests;
			productReference = 5298E8361E825F5D008AB33B /* SampleTests.xctest */;
			productType = "com.apple.product-type.bundle.unit-test";
		};
		5298E8401E825F5E008AB33B /* SampleUITests */ = {
			isa = PBXNativeTarget;
			buildConfigurationList = 5298E8501E825F5E008AB33B /* Build configuration list for PBXNativeTarget "SampleUITests" */;
			buildPhases = (
				5298E83D1E825F5E008AB33B /* Sources */,
				5298E83E1E825F5E008AB33B /* Frameworks */,
				5298E83F1E825F5E008AB33B /* Resources */,
			);
			buildRules = (
			);
			dependencies = (
				5298E8431E825F5E008AB33B /* PBXTargetDependency */,
			);
			name = SampleUITests;
			productName = SampleUITests;
			productReference = 5298E8411E825F5E008AB33B /* SampleUITests.xctest */;
			productType = "com.apple.product-type.bundle.ui-testing";
		};
/* End PBXNativeTarget section */

/* Begin PBXProject section */
		5298E81A1E825F5D008AB33B /* Project object */ = {
			isa = PBXProject;
			attributes = {
				LastSwiftUpdateCheck = 0820;
				LastUpgradeCheck = 0820;
				ORGANIZATIONNAME = "Tariq Mohammad";
				TargetAttributes = {
					5298E8211E825F5D008AB33B = {
						CreatedOnToolsVersion = 8.2.1;
						ProvisioningStyle = Automatic;
					};
					5298E8351E825F5D008AB33B = {
						CreatedOnToolsVersion = 8.2.1;
						ProvisioningStyle = Automatic;
						TestTargetID = 5298E8211E825F5D008AB33B;
					};
					5298E8401E825F5E008AB33B = {
						CreatedOnToolsVersion = 8.2.1;
						ProvisioningStyle = Automatic;
						TestTargetID = 5298E8211E825F5D008AB33B;
					};
				};
			};
			buildConfigurationList = 5298E81D1E825F5D008AB33B /* Build configuration list for PBXProject "Sample" */;
			compatibilityVersion = "Xcode 3.2";
			developmentRegion = English;
			hasScannedForEncodings = 0;
			knownRegions = (
				en,
				Base,
			);
			mainGroup = 5298E8191E825F5D008AB33B;
			productRefGroup = 5298E8231E825F5D008AB33B /* Products */;
			projectDirPath = "";
			projectRoot = "";
			targets = (
				5298E8211E825F5D008AB33B /* Sample */,
				5298E8351E825F5D008AB33B /* SampleTests */,
				5298E8401E825F5E008AB33B /* SampleUITests */,
			);
		};
/* End PBXProject section */

/* Begin PBXResourcesBuildPhase section */
		5298E8201E825F5D008AB33B /* Resources */ = {
			isa = PBXResourcesBuildPhase;
			buildActionMask = 2147483647;
			files = (
				5298E8301E825F5D008AB33B /* LaunchScreen.storyboard in Resources */,
				5298E82D1E825F5D008AB33B /* Assets.xcassets in Resources */,
				5298E82B1E825F5D008AB33B /* Main.storyboard in Resources */,
			);
			runOnlyForDeploymentPostprocessing = 0;
		};
		5298E8341E825F5D008AB33B /* Resources */ = {
			isa = PBXResourcesBuildPhase;
			buildActionMask = 2147483647;
			files = (
			);
			runOnlyForDeploymentPostprocessing = 0;
		};
		5298E83F1E825F5E008AB33B /* Resources */ = {
			isa = PBXResourcesBuildPhase;
			buildActionMask = 2147483647;
			files = (
			);
			runOnlyForDeploymentPostprocessing = 0;
		};
/* End PBXResourcesBuildPhase section */

/* Begin PBXSourcesBuildPhase section */
		5298E81E1E825F5D008AB33B /* Sources */ = {
			isa = PBXSourcesBuildPhase;
			buildActionMask = 2147483647;
			files = (
				5298E8281E825F5D008AB33B /* ViewController.swift in Sources */,
				5298E8261E825F5D008AB33B /* AppDelegate.swift in Sources */,
			);
			runOnlyForDeploymentPostprocessing = 0;
		};
		5298E8321E825F5D008AB33B /* Sources */ = {
			isa = PBXSourcesBuildPhase;
			buildActionMask = 2147483647;
			files = (
				5298E83B1E825F5D008AB33B /* SampleTests.swift in Sources */,
			);
			runOnlyForDeploymentPostprocessing = 0;
		};
		5298E83D1E825F5E008AB33B /* Sources */ = {
			isa = PBXSourcesBuildPhase;
			buildActionMask = 2147483647;
			files = (
				5298E8461E825F5E008AB33B /* SampleUITests.swift in Sources */,
			);
			runOnlyForDeploymentPostprocessing = 0;
		};
/* End PBXSourcesBuildPhase section */

/* Begin PBXTargetDependency section */
		5298E8381E825F5D008AB33B /* PBXTargetDependency */ = {
			isa = PBXTargetDependency;
			target = 5298E8211E825F5D008AB33B /* Sample */;
			targetProxy = 5298E8371E825F5D008AB33B /* PBXContainerItemProxy */;
		};
		5298E8431E825F5E008AB33B /* PBXTargetDependency */ = {
			isa = PBXTargetDependency;
			target = 5298E8211E825F5D008AB33B /* Sample */;
			targetProxy = 5298E8421E825F5E008AB33B /* PBXContainerItemProxy */;
		};
/* End PBXTargetDependency section */

/* Begin PBXVariantGroup section */
		5298E8291E825F5D008AB33B /* Main.storyboard */ = {
			isa = PBXVariantGroup;
			children = (
				5298E82A1E825F5D008AB33B /* Base */,
			);
			name = Main.storyboard;
			sourceTree = "<group>";
		};
		5298E82E1E825F5D008AB33B /* LaunchScreen.storyboard */ = {
			isa = PBXVariantGroup;
			children = (
				5298E82F1E825F5D008AB33B /* Base */,
			);
			name = LaunchScreen.storyboard;
			sourceTree = "<group>";
		};
/* End PBXVariantGroup section */

/* Begin XCBuildConfiguration section */
		5298E8481E825F5E008AB33B /* Debug */ = {
			isa = XCBuildConfiguration;
			buildSettings = {
				ALWAYS_SEARCH_USER_PATHS = NO;
				CLANG_ANALYZER_NONNULL = YES;
				CLANG_CXX_LANGUAGE_STANDARD = "gnu++0x";
				CLANG_CXX_LIBRARY = "libc++";
				CLANG_ENABLE_MODULES = YES;
				CLANG_ENABLE_OBJC_ARC = YES;
				CLANG_WARN_BOOL_CONVERSION = YES;
				CLANG_WARN_CONSTANT_CONVERSION = YES;
				CLANG_WARN_DIRECT_OBJC_ISA_USAGE = YES_ERROR;
				CLANG_WARN_DOCUMENTATION_COMMENTS = YES;
				CLANG_WARN_EMPTY_BODY = YES;
				CLANG_WARN_ENUM_CONVERSION = YES;
				CLANG_WARN_INFINITE_RECURSION = YES;
				CLANG_WARN_INT_CONVERSION = YES;
				CLANG_WARN_OBJC_ROOT_CLASS = YES_ERROR;
				CLANG_WARN_SUSPICIOUS_MOVE = YES;
				CLANG_WARN_UNREACHABLE_CODE = YES;
				CLANG_WARN__DUPLICATE_METHOD_MATCH = YES;
				"CODE_SIGN_IDENTITY[sdk=iphoneos*]" = "iPhone Developer";
				COPY_PHASE_STRIP = NO;
				DEBUG_INFORMATION_FORMAT = dwarf;
				ENABLE_STRICT_OBJC_MSGSEND = YES;
				ENABLE_TESTABILITY = YES;
				GCC_C_LANGUAGE_STANDARD = gnu99;
				GCC_DYNAMIC_NO_PIC = NO;
				GCC_NO_COMMON_BLOCKS = YES;
				GCC_OPTIMIZATION_LEVEL = 0;
				GCC_PREPROCESSOR_DEFINITIONS = (
					"DEBUG=1",
					"$(inherited)",
				);
				GCC_WARN_64_TO_32_BIT_CONVERSION = YES;
				GCC_WARN_ABOUT_RETURN_TYPE = YES_ERROR;
				GCC_WARN_UNDECLARED_SELECTOR = YES;
				GCC_WARN_UNINITIALIZED_AUTOS = YES_AGGRESSIVE;
				GCC_WARN_UNUSED_FUNCTION = YES;
				GCC_WARN_UNUSED_VARIABLE = YES;
				IPHONEOS_DEPLOYMENT_TARGET = 10.2;
				MTL_ENABLE_DEBUG_INFO = YES;
				ONLY_ACTIVE_ARCH = YES;
				SDKROOT = iphoneos;
				SWIFT_ACTIVE_COMPILATION_CONDITIONS = DEBUG;
				SWIFT_OPTIMIZATION_LEVEL = "-Onone";
			};
			name = Debug;
		};
		5298E8491E825F5E008AB33B /* Release */ = {
			isa = XCBuildConfiguration;
			buildSettings = {
				ALWAYS_SEARCH_USER_PATHS = NO;
				CLANG_ANALYZER_NONNULL = YES;
				CLANG_CXX_LANGUAGE_STANDARD = "gnu++0x";
				CLANG_CXX_LIBRARY = "libc++";
				CLANG_ENABLE_MODULES = YES;
				CLANG_ENABLE_OBJC_ARC = YES;
				CLANG_WARN_BOOL_CONVERSION = YES;
				CLANG_WARN_CONSTANT_CONVERSION = YES;
				CLANG_WARN_DIRECT_OBJC_ISA_USAGE = YES_ERROR;
				CLANG_WARN_DOCUMENTATION_COMMENTS = YES;
				CLANG_WARN_EMPTY_BODY = YES;
				CLANG_WARN_ENUM_CONVERSION = YES;
				CLANG_WARN_INFINITE_RECURSION = YES;
				CLANG_WARN_INT_CONVERSION = YES;
				CLANG_WARN_OBJC_ROOT_CLASS = YES_ERROR;
				CLANG_WARN_SUSPICIOUS_MOVE = YES;
				CLANG_WARN_UNREACHABLE_CODE = YES;
				CLANG_WARN__DUPLICATE_METHOD_MATCH = YES;
				"CODE_SIGN_IDENTITY[sdk=iphoneos*]" = "iPhone Developer";
				COPY_PHASE_STRIP = NO;
				DEBUG_INFORMATION_FORMAT = "dwarf-with-dsym";
				ENABLE_NS_ASSERTIONS = NO;
				ENABLE_STRICT_OBJC_MSGSEND = YES;
				GCC_C_LANGUAGE_STANDARD = gnu99;
				GCC_NO_COMMON_BLOCKS = YES;
				GCC_WARN_64_TO_32_BIT_CONVERSION = YES;
				GCC_WARN_ABOUT_RETURN_TYPE = YES_ERROR;
				GCC_WARN_UNDECLARED_SELECTOR = YES;
				GCC_WARN_UNINITIALIZED_AUTOS = YES_AGGRESSIVE;
				GCC_WARN_UNUSED_FUNCTION = YES;
				GCC_WARN_UNUSED_VARIABLE = YES;
				IPHONEOS_DEPLOYMENT_TARGET = 10.2;
				MTL_ENABLE_DEBUG_INFO = NO;
				SDKROOT = iphoneos;
				SWIFT_OPTIMIZATION_LEVEL = "-Owholemodule";
				VALIDATE_PRODUCT = YES;
			};
			name = Release;
		};
		5298E84B1E825F5E008AB33B /* Debug */ = {
			isa = XCBuildConfiguration;
			buildSettings = {
				ASSETCATALOG_COMPILER_APPICON_NAME = AppIcon;
				INFOPLIST_FILE = Sample/Info.plist;
				LD_RUNPATH_SEARCH_PATHS = "$(inherited) @executable_path/Frameworks";
				PRODUCT_BUNDLE_IDENTIFIER = com.visa.Sample;
				PRODUCT_NAME = "$(TARGET_NAME)";
				SWIFT_VERSION = 3.0;
			};
			name = Debug;
		};
		5298E84C1E825F5E008AB33B /* Release */ = {
			isa = XCBuildConfiguration;
			buildSettings = {
				ASSETCATALOG_COMPILER_APPICON_NAME = AppIcon;
				INFOPLIST_FILE = Sample/Info.plist;
				LD_RUNPATH_SEARCH_PATHS = "$(inherited) @executable_path/Frameworks";
				PRODUCT_BUNDLE_IDENTIFIER = com.visa.Sample;
				PRODUCT_NAME = "$(TARGET_NAME)";
				SWIFT_VERSION = 3.0;
			};
			name = Release;
		};
		5298E84E1E825F5E008AB33B /* Debug */ = {
			isa = XCBuildConfiguration;
			buildSettings = {
				ALWAYS_EMBED_SWIFT_STANDARD_LIBRARIES = YES;
				BUNDLE_LOADER = "$(TEST_HOST)";
				INFOPLIST_FILE = SampleTests/Info.plist;
				LD_RUNPATH_SEARCH_PATHS = "$(inherited) @executable_path/Frameworks @loader_path/Frameworks";
				PRODUCT_BUNDLE_IDENTIFIER = com.visa.SampleTests;
				PRODUCT_NAME = "$(TARGET_NAME)";
				SWIFT_VERSION = 3.0;
				TEST_HOST = "$(BUILT_PRODUCTS_DIR)/Sample.app/Sample";
			};
			name = Debug;
		};
		5298E84F1E825F5E008AB33B /* Release */ = {
			isa = XCBuildConfiguration;
			buildSettings = {
				ALWAYS_EMBED_SWIFT_STANDARD_LIBRARIES = YES;
				BUNDLE_LOADER = "$(TEST_HOST)";
				INFOPLIST_FILE = SampleTests/Info.plist;
				LD_RUNPATH_SEARCH_PATHS = "$(inherited) @executable_path/Frameworks @loader_path/Frameworks";
				PRODUCT_BUNDLE_IDENTIFIER = com.visa.SampleTests;
				PRODUCT_NAME = "$(TARGET_NAME)";
				SWIFT_VERSION = 3.0;
				TEST_HOST = "$(BUILT_PRODUCTS_DIR)/Sample.app/Sample";
			};
			name = Release;
		};
		5298E8511E825F5E008AB33B /* Debug */ = {
			isa = XCBuildConfiguration;
			buildSettings = {
				ALWAYS_EMBED_SWIFT_STANDARD_LIBRARIES = YES;
				INFOPLIST_FILE = SampleUITests/Info.plist;
				LD_RUNPATH_SEARCH_PATHS = "$(inherited) @executable_path/Frameworks @loader_path/Frameworks";
				PRODUCT_BUNDLE_IDENTIFIER = com.visa.SampleUITests;
				PRODUCT_NAME = "$(TARGET_NAME)";
				SWIFT_VERSION = 3.0;
				TEST_TARGET_NAME = Sample;
			};
			name = Debug;
		};
		5298E8521E825F5E008AB33B /* Release */ = {
			isa = XCBuildConfiguration;
			buildSettings = {
				ALWAYS_EMBED_SWIFT_STANDARD_LIBRARIES = YES;
				INFOPLIST_FILE = SampleUITests/Info.plist;
				LD_RUNPATH_SEARCH_PATHS = "$(inherited) @executable_path/Frameworks @loader_path/Frameworks";
				PRODUCT_BUNDLE_IDENTIFIER = com.visa.SampleUITests;
				PRODUCT_NAME = "$(TARGET_NAME)";
				SWIFT_VERSION = 3.0;
				TEST_TARGET_NAME = Sample;
			};
			name = Release;
		};
/* End XCBuildConfiguration section */

/* Begin XCConfigurationList section */
		5298E81D1E825F5D008AB33B /* Build configuration list for PBXProject "Sample" */ = {
			isa = XCConfigurationList;
			buildConfigurations = (
				5298E8481E825F5E008AB33B /* Debug */,
				5298E8491E825F5E008AB33B /* Release */,
			);
			defaultConfigurationIsVisible = 0;
			defaultConfigurationName = Release;
		};
		5298E84A1E825F5E008AB33B /* Build configuration list for PBXNativeTarget "Sample" */ = {
			isa = XCConfigurationList;
			buildConfigurations = (
				5298E84B1E825F5E008AB33B /* Debug */,
				5298E84C1E825F5E008AB33B /* Release */,
			);
			defaultConfigurationIsVisible = 0;
		};
		5298E84D1E825F5E008AB33B /* Build configuration list for PBXNativeTarget "SampleTests" */ = {
			isa = XCConfigurationList;
			buildConfigurations = (
				5298E84E1E825F5E008AB33B /* Debug */,
				5298E84F1E825F5E008AB33B /* Release */,
			);
			defaultConfigurationIsVisible = 0;
		};
		5298E8501E825F5E008AB33B /* Build configuration list for PBXNativeTarget "SampleUITests" */ = {
			isa = XCConfigurationList;
			buildConfigurations = (
				5298E8511E825F5E008AB33B /* Debug */,
				5298E8521E825F5E008AB33B /* Release */,
			);
			defaultConfigurationIsVisible = 0;
		};
/* End XCConfigurationList section */
	};
	rootObject = 5298E81A1E825F5D008AB33B /* Project object */;
}
